
Microsoft Visual Studio Solution File, Format Version 12.00
# Visual Studio Version 17
VisualStudioVersion = 17.13.35806.99 d17.13
MinimumVisualStudioVersion = 10.0.40219.1
Project("{8BC9CEB8-8B4A-11D0-8D11-00A0C91BC942}") = "ConsoleApplication1", "ConsoleApplication1\ConsoleApplication1.vcxproj", "{8988CFF3-1713-4C74-904A-A1E6A0C9E96B}"
EndProject
Global
	GlobalSection(SolutionConfigurationPlatforms) = preSolution
		Debug|x64 = Debug|x64
		Debug|x86 = Debug|x86
		Release|x64 = Release|x64
		Release|x86 = Release|x86
	EndGlobalSection
	GlobalSection(ProjectConfigurationPlatforms) = postSolution
		{8988CFF3-1713-4C74-904A-A1E6A0C9E96B}.Debug|x64.ActiveCfg = Debug|x64
		{8988CFF3-1713-4C74-904A-A1E6A0C9E96B}.Debug|x64.Build.0 = Debug|x64
		{8988CFF3-1713-4C74-904A-A1E6A0C9E96B}.Debug|x86.ActiveCfg = Debug|Win32
		{8988CFF3-1713-4C74-904A-A1E6A0C9E96B}.Debug|x86.Build.0 = Debug|Win32
		{8988CFF3-1713-4C74-904A-A1E6A0C9E96B}.Release|x64.ActiveCfg = Release|x64
		{8988CFF3-1713-4C74-904A-A1E6A0C9E96B}.Release|x64.Build.0 = Release|x64
		{8988CFF3-1713-4C74-904A-A1E6A0C9E96B}.Release|x86.ActiveCfg = Release|Win32
		{8988CFF3-1713-4C74-904A-A1E6A0C9E96B}.Release|x86.Build.0 = Release|Win32
	EndGlobalSection
	GlobalSection(SolutionProperties) = preSolution
		HideSolutionNode = FALSE
	EndGlobalSection
	GlobalSection(ExtensibilityGlobals) = postSolution
		SolutionGuid = {E3DD8148-64E3-4572-9BA7-1E722DADDAC4}
	EndGlobalSection
EndGlobal
